
Microsoft Visual Studio Solution File, Format Version 12.00
# Visual Studio Version 17
VisualStudioVersion = 17.9.34701.34
MinimumVisualStudioVersion = 10.0.40219.1
Project("{FAE04EC0-301F-11D3-BF4B-00C04F79EFBC}") = "Extract embedded files", "Extract embedded files.csproj", "{4F4F3E9A-93AA-4E0C-8020-75CB6D0D96D6}"
EndProject
Global
	GlobalSection(SolutionConfigurationPlatforms) = preSolution
		Debug|Any CPU = Debug|Any CPU
		Release|Any CPU = Release|Any CPU
	EndGlobalSection
	GlobalSection(ProjectConfigurationPlatforms) = postSolution
		{4F4F3E9A-93AA-4E0C-8020-75CB6D0D96D6}.Debug|Any CPU.ActiveCfg = Debug|Any CPU
		{4F4F3E9A-93AA-4E0C-8020-75CB6D0D96D6}.Debug|Any CPU.Build.0 = Debug|Any CPU
		{4F4F3E9A-93AA-4E0C-8020-75CB6D0D96D6}.Release|Any CPU.ActiveCfg = Release|Any CPU
		{4F4F3E9A-93AA-4E0C-8020-75CB6D0D96D6}.Release|Any CPU.Build.0 = Release|Any CPU
	EndGlobalSection
	GlobalSection(SolutionProperties) = preSolution
		HideSolutionNode = FALSE
	EndGlobalSection
	GlobalSection(ExtensibilityGlobals) = postSolution
		SolutionGuid = {AE643015-D434-464B-8B32-B3FD271F9400}
	EndGlobalSection
EndGlobal
