
Microsoft Visual Studio Solution File, Format Version 12.00
# Visual Studio Version 17
VisualStudioVersion = 17.9.34701.34
MinimumVisualStudioVersion = 10.0.40219.1
Project("{FAE04EC0-301F-11D3-BF4B-00C04F79EFBC}") = "Clipping", "Clipping.csproj", "{DF8EED12-DFF6-4F7D-B342-CFF183694F77}"
EndProject
Global
	GlobalSection(SolutionConfigurationPlatforms) = preSolution
		Debug|Any CPU = Debug|Any CPU
		Release|Any CPU = Release|Any CPU
	EndGlobalSection
	GlobalSection(ProjectConfigurationPlatforms) = postSolution
		{DF8EED12-DFF6-4F7D-B342-CFF183694F77}.Debug|Any CPU.ActiveCfg = Debug|Any CPU
		{DF8EED12-DFF6-4F7D-B342-CFF183694F77}.Debug|Any CPU.Build.0 = Debug|Any CPU
		{DF8EED12-DFF6-4F7D-B342-CFF183694F77}.Release|Any CPU.ActiveCfg = Release|Any CPU
		{DF8EED12-DFF6-4F7D-B342-CFF183694F77}.Release|Any CPU.Build.0 = Release|Any CPU
	EndGlobalSection
	GlobalSection(SolutionProperties) = preSolution
		HideSolutionNode = FALSE
	EndGlobalSection
	GlobalSection(ExtensibilityGlobals) = postSolution
		SolutionGuid = {A4D92483-89B5-477B-973C-A5DD1F436D65}
	EndGlobalSection
EndGlobal
