
Microsoft Visual Studio Solution File, Format Version 12.00
# Visual Studio Version 18
VisualStudioVersion = 18.4.11612.150 stable
MinimumVisualStudioVersion = 10.0.40219.1
Project("{F184B08F-C81C-45F6-A57F-5ABD9991F28F}") = "Convert PDF to PDFA ZUGFeRD", "Convert PDF to PDFA ZUGFeRD.vbproj", "{5F795DC7-9192-B732-07A8-0C20523D1B3A}"
EndProject
Global
	GlobalSection(SolutionConfigurationPlatforms) = preSolution
		Debug|Any CPU = Debug|Any CPU
		Release|Any CPU = Release|Any CPU
	EndGlobalSection
	GlobalSection(ProjectConfigurationPlatforms) = postSolution
		{5F795DC7-9192-B732-07A8-0C20523D1B3A}.Debug|Any CPU.ActiveCfg = Debug|Any CPU
		{5F795DC7-9192-B732-07A8-0C20523D1B3A}.Debug|Any CPU.Build.0 = Debug|Any CPU
		{5F795DC7-9192-B732-07A8-0C20523D1B3A}.Release|Any CPU.ActiveCfg = Release|Any CPU
		{5F795DC7-9192-B732-07A8-0C20523D1B3A}.Release|Any CPU.Build.0 = Release|Any CPU
	EndGlobalSection
	GlobalSection(SolutionProperties) = preSolution
		HideSolutionNode = FALSE
	EndGlobalSection
	GlobalSection(ExtensibilityGlobals) = postSolution
		SolutionGuid = {B4281DF8-6602-478C-B79B-0819B8C086D0}
	EndGlobalSection
EndGlobal
