
Microsoft Visual Studio Solution File, Format Version 12.00
# Visual Studio Version 17
VisualStudioVersion = 17.9.34701.34
MinimumVisualStudioVersion = 10.0.40219.1
Project("{FAE04EC0-301F-11D3-BF4B-00C04F79EFBC}") = "Perform OCR and extract Text from scanned PDF", "Perform OCR and extract Text from scanned PDF.csproj", "{C1172311-DF1F-4AEA-8589-5BDD93C4EEFA}"
EndProject
Global
	GlobalSection(SolutionConfigurationPlatforms) = preSolution
		Debug|Any CPU = Debug|Any CPU
		Release|Any CPU = Release|Any CPU
	EndGlobalSection
	GlobalSection(ProjectConfigurationPlatforms) = postSolution
		{C1172311-DF1F-4AEA-8589-5BDD93C4EEFA}.Debug|Any CPU.ActiveCfg = Debug|Any CPU
		{C1172311-DF1F-4AEA-8589-5BDD93C4EEFA}.Debug|Any CPU.Build.0 = Debug|Any CPU
		{C1172311-DF1F-4AEA-8589-5BDD93C4EEFA}.Release|Any CPU.ActiveCfg = Release|Any CPU
		{C1172311-DF1F-4AEA-8589-5BDD93C4EEFA}.Release|Any CPU.Build.0 = Release|Any CPU
	EndGlobalSection
	GlobalSection(SolutionProperties) = preSolution
		HideSolutionNode = FALSE
	EndGlobalSection
	GlobalSection(ExtensibilityGlobals) = postSolution
		SolutionGuid = {82EE27E0-8384-4E64-A992-4AD445D8D30B}
	EndGlobalSection
EndGlobal
