
Microsoft Visual Studio Solution File, Format Version 12.00
# Visual Studio Version 17
VisualStudioVersion = 17.9.34701.34
MinimumVisualStudioVersion = 10.0.40219.1
Project("{FAE04EC0-301F-11D3-BF4B-00C04F79EFBC}") = "Export Images", "Export Images.csproj", "{2FFB0DF2-EDF1-477D-B54F-7404FA9D0333}"
EndProject
Global
	GlobalSection(SolutionConfigurationPlatforms) = preSolution
		Debug|Any CPU = Debug|Any CPU
		Release|Any CPU = Release|Any CPU
	EndGlobalSection
	GlobalSection(ProjectConfigurationPlatforms) = postSolution
		{2FFB0DF2-EDF1-477D-B54F-7404FA9D0333}.Debug|Any CPU.ActiveCfg = Debug|Any CPU
		{2FFB0DF2-EDF1-477D-B54F-7404FA9D0333}.Debug|Any CPU.Build.0 = Debug|Any CPU
		{2FFB0DF2-EDF1-477D-B54F-7404FA9D0333}.Release|Any CPU.ActiveCfg = Release|Any CPU
		{2FFB0DF2-EDF1-477D-B54F-7404FA9D0333}.Release|Any CPU.Build.0 = Release|Any CPU
	EndGlobalSection
	GlobalSection(SolutionProperties) = preSolution
		HideSolutionNode = FALSE
	EndGlobalSection
	GlobalSection(ExtensibilityGlobals) = postSolution
		SolutionGuid = {09929A4B-0668-4221-B213-5F9D12E1480F}
	EndGlobalSection
EndGlobal
