
Microsoft Visual Studio Solution File, Format Version 12.00
# Visual Studio Version 17
VisualStudioVersion = 17.9.34701.34
MinimumVisualStudioVersion = 10.0.40219.1
Project("{FAE04EC0-301F-11D3-BF4B-00C04F79EFBC}") = "Import images", "Import images.csproj", "{68DE42CE-3DC5-403D-9CFF-7D5DA8BB708D}"
EndProject
Global
	GlobalSection(SolutionConfigurationPlatforms) = preSolution
		Debug|Any CPU = Debug|Any CPU
		Release|Any CPU = Release|Any CPU
	EndGlobalSection
	GlobalSection(ProjectConfigurationPlatforms) = postSolution
		{68DE42CE-3DC5-403D-9CFF-7D5DA8BB708D}.Debug|Any CPU.ActiveCfg = Debug|Any CPU
		{68DE42CE-3DC5-403D-9CFF-7D5DA8BB708D}.Debug|Any CPU.Build.0 = Debug|Any CPU
		{68DE42CE-3DC5-403D-9CFF-7D5DA8BB708D}.Release|Any CPU.ActiveCfg = Release|Any CPU
		{68DE42CE-3DC5-403D-9CFF-7D5DA8BB708D}.Release|Any CPU.Build.0 = Release|Any CPU
	EndGlobalSection
	GlobalSection(SolutionProperties) = preSolution
		HideSolutionNode = FALSE
	EndGlobalSection
	GlobalSection(ExtensibilityGlobals) = postSolution
		SolutionGuid = {D5E1FC6B-975C-44F0-AA14-3ED150095A65}
	EndGlobalSection
EndGlobal
