
Microsoft Visual Studio Solution File, Format Version 12.00
# Visual Studio Version 17
VisualStudioVersion = 17.9.34701.34
MinimumVisualStudioVersion = 10.0.40219.1
Project("{FAE04EC0-301F-11D3-BF4B-00C04F79EFBC}") = "Associate Files", "Associate Files.csproj", "{24EDFA01-A3C5-4B6D-96B3-25B95849C0F5}"
EndProject
Global
	GlobalSection(SolutionConfigurationPlatforms) = preSolution
		Debug|Any CPU = Debug|Any CPU
		Release|Any CPU = Release|Any CPU
	EndGlobalSection
	GlobalSection(ProjectConfigurationPlatforms) = postSolution
		{24EDFA01-A3C5-4B6D-96B3-25B95849C0F5}.Debug|Any CPU.ActiveCfg = Debug|Any CPU
		{24EDFA01-A3C5-4B6D-96B3-25B95849C0F5}.Debug|Any CPU.Build.0 = Debug|Any CPU
		{24EDFA01-A3C5-4B6D-96B3-25B95849C0F5}.Release|Any CPU.ActiveCfg = Release|Any CPU
		{24EDFA01-A3C5-4B6D-96B3-25B95849C0F5}.Release|Any CPU.Build.0 = Release|Any CPU
	EndGlobalSection
	GlobalSection(SolutionProperties) = preSolution
		HideSolutionNode = FALSE
	EndGlobalSection
	GlobalSection(ExtensibilityGlobals) = postSolution
		SolutionGuid = {4F8051A8-DD3E-439E-91D3-A87C16B80945}
	EndGlobalSection
EndGlobal
