
Microsoft Visual Studio Solution File, Format Version 12.00
# Visual Studio Version 17
VisualStudioVersion = 17.10.35201.131
MinimumVisualStudioVersion = 10.0.40219.1
Project("{778DAE3C-4631-46EA-AA77-85C1314464D9}") = "Convert to Image", "Convert to Image.vbproj", "{FAC98D1A-7A7C-4423-AC17-385714DFC333}"
EndProject
Global
	GlobalSection(SolutionConfigurationPlatforms) = preSolution
		Debug|Any CPU = Debug|Any CPU
		Release|Any CPU = Release|Any CPU
	EndGlobalSection
	GlobalSection(ProjectConfigurationPlatforms) = postSolution
		{FAC98D1A-7A7C-4423-AC17-385714DFC333}.Debug|Any CPU.ActiveCfg = Debug|Any CPU
		{FAC98D1A-7A7C-4423-AC17-385714DFC333}.Debug|Any CPU.Build.0 = Debug|Any CPU
		{FAC98D1A-7A7C-4423-AC17-385714DFC333}.Release|Any CPU.ActiveCfg = Release|Any CPU
		{FAC98D1A-7A7C-4423-AC17-385714DFC333}.Release|Any CPU.Build.0 = Release|Any CPU
	EndGlobalSection
	GlobalSection(SolutionProperties) = preSolution
		HideSolutionNode = FALSE
	EndGlobalSection
	GlobalSection(ExtensibilityGlobals) = postSolution
		SolutionGuid = {9D675F8B-AEFF-41DF-BB86-26B84AE95FC7}
	EndGlobalSection
EndGlobal
