
Microsoft Visual Studio Solution File, Format Version 12.00
# Visual Studio Version 17
VisualStudioVersion = 17.10.35201.131
MinimumVisualStudioVersion = 10.0.40219.1
Project("{778DAE3C-4631-46EA-AA77-85C1314464D9}") = "Split Files", "Split Files.vbproj", "{6037A162-03B0-47E1-A742-7E00D3069ABF}"
EndProject
Global
	GlobalSection(SolutionConfigurationPlatforms) = preSolution
		Debug|Any CPU = Debug|Any CPU
		Release|Any CPU = Release|Any CPU
	EndGlobalSection
	GlobalSection(ProjectConfigurationPlatforms) = postSolution
		{6037A162-03B0-47E1-A742-7E00D3069ABF}.Debug|Any CPU.ActiveCfg = Debug|Any CPU
		{6037A162-03B0-47E1-A742-7E00D3069ABF}.Debug|Any CPU.Build.0 = Debug|Any CPU
		{6037A162-03B0-47E1-A742-7E00D3069ABF}.Release|Any CPU.ActiveCfg = Release|Any CPU
		{6037A162-03B0-47E1-A742-7E00D3069ABF}.Release|Any CPU.Build.0 = Release|Any CPU
	EndGlobalSection
	GlobalSection(SolutionProperties) = preSolution
		HideSolutionNode = FALSE
	EndGlobalSection
	GlobalSection(ExtensibilityGlobals) = postSolution
		SolutionGuid = {91469C77-1637-42CE-95D4-C0FF7F8FFB2B}
	EndGlobalSection
EndGlobal
