
Microsoft Visual Studio Solution File, Format Version 12.00
# Visual Studio Version 17
VisualStudioVersion = 17.9.34701.34
MinimumVisualStudioVersion = 10.0.40219.1
Project("{FAE04EC0-301F-11D3-BF4B-00C04F79EFBC}") = "Convert scanned PDF with other language  to Word", "Convert scanned PDF with other language  to Word.csproj", "{0E36FE47-6A67-4973-81F7-DFE412AEC819}"
EndProject
Global
	GlobalSection(SolutionConfigurationPlatforms) = preSolution
		Debug|Any CPU = Debug|Any CPU
		Release|Any CPU = Release|Any CPU
	EndGlobalSection
	GlobalSection(ProjectConfigurationPlatforms) = postSolution
		{0E36FE47-6A67-4973-81F7-DFE412AEC819}.Debug|Any CPU.ActiveCfg = Debug|Any CPU
		{0E36FE47-6A67-4973-81F7-DFE412AEC819}.Debug|Any CPU.Build.0 = Debug|Any CPU
		{0E36FE47-6A67-4973-81F7-DFE412AEC819}.Release|Any CPU.ActiveCfg = Release|Any CPU
		{0E36FE47-6A67-4973-81F7-DFE412AEC819}.Release|Any CPU.Build.0 = Release|Any CPU
	EndGlobalSection
	GlobalSection(SolutionProperties) = preSolution
		HideSolutionNode = FALSE
	EndGlobalSection
	GlobalSection(ExtensibilityGlobals) = postSolution
		SolutionGuid = {FB8599E3-4555-4C82-93CB-419079D02B48}
	EndGlobalSection
EndGlobal
