
Microsoft Visual Studio Solution File, Format Version 12.00
# Visual Studio Version 17
VisualStudioVersion = 17.14.36310.24 d17.14
MinimumVisualStudioVersion = 10.0.40219.1
Project("{F184B08F-C81C-45F6-A57F-5ABD9991F28F}") = "Convert to PDF_A Factur", "Convert to PDF_A Factur.vbproj", "{C33B6CE4-CC7F-1C66-5926-B3179A1232EA}"
EndProject
Global
	GlobalSection(SolutionConfigurationPlatforms) = preSolution
		Debug|Any CPU = Debug|Any CPU
		Release|Any CPU = Release|Any CPU
	EndGlobalSection
	GlobalSection(ProjectConfigurationPlatforms) = postSolution
		{C33B6CE4-CC7F-1C66-5926-B3179A1232EA}.Debug|Any CPU.ActiveCfg = Debug|Any CPU
		{C33B6CE4-CC7F-1C66-5926-B3179A1232EA}.Debug|Any CPU.Build.0 = Debug|Any CPU
		{C33B6CE4-CC7F-1C66-5926-B3179A1232EA}.Release|Any CPU.ActiveCfg = Release|Any CPU
		{C33B6CE4-CC7F-1C66-5926-B3179A1232EA}.Release|Any CPU.Build.0 = Release|Any CPU
	EndGlobalSection
	GlobalSection(SolutionProperties) = preSolution
		HideSolutionNode = FALSE
	EndGlobalSection
	GlobalSection(ExtensibilityGlobals) = postSolution
		SolutionGuid = {0932CD96-EBF8-4182-9B2F-E2D35DE3FFA4}
	EndGlobalSection
EndGlobal
