
Microsoft Visual Studio Solution File, Format Version 12.00
# Visual Studio Version 17
VisualStudioVersion = 17.9.34701.34
MinimumVisualStudioVersion = 10.0.40219.1
Project("{FAE04EC0-301F-11D3-BF4B-00C04F79EFBC}") = "Filling", "Filling.csproj", "{BB8D0AB6-C538-4CE0-A6EB-BAAE77BD9014}"
EndProject
Global
	GlobalSection(SolutionConfigurationPlatforms) = preSolution
		Debug|Any CPU = Debug|Any CPU
		Release|Any CPU = Release|Any CPU
	EndGlobalSection
	GlobalSection(ProjectConfigurationPlatforms) = postSolution
		{BB8D0AB6-C538-4CE0-A6EB-BAAE77BD9014}.Debug|Any CPU.ActiveCfg = Debug|Any CPU
		{BB8D0AB6-C538-4CE0-A6EB-BAAE77BD9014}.Debug|Any CPU.Build.0 = Debug|Any CPU
		{BB8D0AB6-C538-4CE0-A6EB-BAAE77BD9014}.Release|Any CPU.ActiveCfg = Release|Any CPU
		{BB8D0AB6-C538-4CE0-A6EB-BAAE77BD9014}.Release|Any CPU.Build.0 = Release|Any CPU
	EndGlobalSection
	GlobalSection(SolutionProperties) = preSolution
		HideSolutionNode = FALSE
	EndGlobalSection
	GlobalSection(ExtensibilityGlobals) = postSolution
		SolutionGuid = {76E5F7ED-AF34-4E2A-8725-4DBF501117F9}
	EndGlobalSection
EndGlobal
