
Microsoft Visual Studio Solution File, Format Version 12.00
# Visual Studio Version 17
VisualStudioVersion = 17.9.34701.34
MinimumVisualStudioVersion = 10.0.40219.1
Project("{FAE04EC0-301F-11D3-BF4B-00C04F79EFBC}") = "Export Form", "Export Form.csproj", "{DD70EEE6-2008-496F-9D40-E652E046A219}"
EndProject
Global
	GlobalSection(SolutionConfigurationPlatforms) = preSolution
		Debug|Any CPU = Debug|Any CPU
		Release|Any CPU = Release|Any CPU
	EndGlobalSection
	GlobalSection(ProjectConfigurationPlatforms) = postSolution
		{DD70EEE6-2008-496F-9D40-E652E046A219}.Debug|Any CPU.ActiveCfg = Debug|Any CPU
		{DD70EEE6-2008-496F-9D40-E652E046A219}.Debug|Any CPU.Build.0 = Debug|Any CPU
		{DD70EEE6-2008-496F-9D40-E652E046A219}.Release|Any CPU.ActiveCfg = Release|Any CPU
		{DD70EEE6-2008-496F-9D40-E652E046A219}.Release|Any CPU.Build.0 = Release|Any CPU
	EndGlobalSection
	GlobalSection(SolutionProperties) = preSolution
		HideSolutionNode = FALSE
	EndGlobalSection
	GlobalSection(ExtensibilityGlobals) = postSolution
		SolutionGuid = {096AA567-74B6-46FD-9363-0E3DC8B52333}
	EndGlobalSection
EndGlobal
