
Microsoft Visual Studio Solution File, Format Version 12.00
# Visual Studio Version 17
VisualStudioVersion = 17.10.35201.131
MinimumVisualStudioVersion = 10.0.40219.1
Project("{778DAE3C-4631-46EA-AA77-85C1314464D9}") = "Basic Objects", "Basic Objects.vbproj", "{9B28670C-DF5B-4BB7-8DA3-05FC0C5ED180}"
EndProject
Global
	GlobalSection(SolutionConfigurationPlatforms) = preSolution
		Debug|Any CPU = Debug|Any CPU
		Release|Any CPU = Release|Any CPU
	EndGlobalSection
	GlobalSection(ProjectConfigurationPlatforms) = postSolution
		{9B28670C-DF5B-4BB7-8DA3-05FC0C5ED180}.Debug|Any CPU.ActiveCfg = Debug|Any CPU
		{9B28670C-DF5B-4BB7-8DA3-05FC0C5ED180}.Debug|Any CPU.Build.0 = Debug|Any CPU
		{9B28670C-DF5B-4BB7-8DA3-05FC0C5ED180}.Release|Any CPU.ActiveCfg = Release|Any CPU
		{9B28670C-DF5B-4BB7-8DA3-05FC0C5ED180}.Release|Any CPU.Build.0 = Release|Any CPU
	EndGlobalSection
	GlobalSection(SolutionProperties) = preSolution
		HideSolutionNode = FALSE
	EndGlobalSection
	GlobalSection(ExtensibilityGlobals) = postSolution
		SolutionGuid = {6DE2F212-039B-4BCC-A7BC-C559E5008405}
	EndGlobalSection
EndGlobal
